
Microsoft Visual Studio Solution File, Format Version 12.00
# Visual Studio Version 16
VisualStudioVersion = 16.0.31729.503
MinimumVisualStudioVersion = 10.0.40219.1
Project("{9A19103F-16F7-4668-BE54-9A1E7A4F7556}") = "MockPracUOW.Server", "MockPracUOW\Server\MockPracUOW.Server.csproj", "{CC9D6F75-F1E6-4EE0-82E5-58AF0E9BBC05}"
EndProject
Project("{9A19103F-16F7-4668-BE54-9A1E7A4F7556}") = "MockPracUOW.Client", "MockPracUOW\Client\MockPracUOW.Client.csproj", "{B1EB2602-2B99-4346-AFA4-0FD9C8480D27}"
EndProject
Project("{9A19103F-16F7-4668-BE54-9A1E7A4F7556}") = "MockPracUOW.Shared", "MockPracUOW\Shared\MockPracUOW.Shared.csproj", "{ED0B8529-F191-43D9-8C6C-962183A76763}"
EndProject
Global
	GlobalSection(SolutionConfigurationPlatforms) = preSolution
		Debug|Any CPU = Debug|Any CPU
		Release|Any CPU = Release|Any CPU
	EndGlobalSection
	GlobalSection(ProjectConfigurationPlatforms) = postSolution
		{CC9D6F75-F1E6-4EE0-82E5-58AF0E9BBC05}.Debug|Any CPU.ActiveCfg = Debug|Any CPU
		{CC9D6F75-F1E6-4EE0-82E5-58AF0E9BBC05}.Debug|Any CPU.Build.0 = Debug|Any CPU
		{CC9D6F75-F1E6-4EE0-82E5-58AF0E9BBC05}.Release|Any CPU.ActiveCfg = Release|Any CPU
		{CC9D6F75-F1E6-4EE0-82E5-58AF0E9BBC05}.Release|Any CPU.Build.0 = Release|Any CPU
		{B1EB2602-2B99-4346-AFA4-0FD9C8480D27}.Debug|Any CPU.ActiveCfg = Debug|Any CPU
		{B1EB2602-2B99-4346-AFA4-0FD9C8480D27}.Debug|Any CPU.Build.0 = Debug|Any CPU
		{B1EB2602-2B99-4346-AFA4-0FD9C8480D27}.Release|Any CPU.ActiveCfg = Release|Any CPU
		{B1EB2602-2B99-4346-AFA4-0FD9C8480D27}.Release|Any CPU.Build.0 = Release|Any CPU
		{ED0B8529-F191-43D9-8C6C-962183A76763}.Debug|Any CPU.ActiveCfg = Debug|Any CPU
		{ED0B8529-F191-43D9-8C6C-962183A76763}.Debug|Any CPU.Build.0 = Debug|Any CPU
		{ED0B8529-F191-43D9-8C6C-962183A76763}.Release|Any CPU.ActiveCfg = Release|Any CPU
		{ED0B8529-F191-43D9-8C6C-962183A76763}.Release|Any CPU.Build.0 = Release|Any CPU
	EndGlobalSection
	GlobalSection(SolutionProperties) = preSolution
		HideSolutionNode = FALSE
	EndGlobalSection
	GlobalSection(ExtensibilityGlobals) = postSolution
		SolutionGuid = {A8E8B2AD-5E54-4C48-97BB-3A174DDA7150}
	EndGlobalSection
EndGlobal
